
Microsoft Visual Studio Solution File, Format Version 12.00
# Visual Studio Version 17
VisualStudioVersion = 17.8.34330.188
MinimumVisualStudioVersion = 10.0.40219.1
Project("{FAE04EC0-301F-11D3-BF4B-00C04F79EFBC}") = "31.1 list", "31.1 list\31.1 list.csproj", "{E6E48333-64AA-4FEA-89B2-F9995150E41A}"
EndProject
Global
	GlobalSection(SolutionConfigurationPlatforms) = preSolution
		Debug|Any CPU = Debug|Any CPU
		Release|Any CPU = Release|Any CPU
	EndGlobalSection
	GlobalSection(ProjectConfigurationPlatforms) = postSolution
		{E6E48333-64AA-4FEA-89B2-F9995150E41A}.Debug|Any CPU.ActiveCfg = Debug|Any CPU
		{E6E48333-64AA-4FEA-89B2-F9995150E41A}.Debug|Any CPU.Build.0 = Debug|Any CPU
		{E6E48333-64AA-4FEA-89B2-F9995150E41A}.Release|Any CPU.ActiveCfg = Release|Any CPU
		{E6E48333-64AA-4FEA-89B2-F9995150E41A}.Release|Any CPU.Build.0 = Release|Any CPU
	EndGlobalSection
	GlobalSection(SolutionProperties) = preSolution
		HideSolutionNode = FALSE
	EndGlobalSection
	GlobalSection(ExtensibilityGlobals) = postSolution
		SolutionGuid = {6C77311C-B5BC-46B0-95B8-ACFC2866FEC9}
	EndGlobalSection
EndGlobal
